
Microsoft Visual Studio Solution File, Format Version 12.00
# Visual Studio 15
VisualStudioVersion = 15.0.26430.13
MinimumVisualStudioVersion = 10.0.40219.1
Project("{FAE04EC0-301F-11D3-BF4B-00C04F79EFBC}") = "STXControl", "STXControl\STXControl.csproj", "{2092A759-2F56-438F-A567-86FEE367FC43}"
EndProject
Project("{FAE04EC0-301F-11D3-BF4B-00C04F79EFBC}") = "STXTestApp", "WindowsFormsApp1\STXTestApp.csproj", "{1288AD7F-14D3-41A3-8C30-DCAB6253C148}"
EndProject
Global
	GlobalSection(SolutionConfigurationPlatforms) = preSolution
		Debug|Any CPU = Debug|Any CPU
		Release|Any CPU = Release|Any CPU
	EndGlobalSection
	GlobalSection(ProjectConfigurationPlatforms) = postSolution
		{2092A759-2F56-438F-A567-86FEE367FC43}.Debug|Any CPU.ActiveCfg = Debug|Any CPU
		{2092A759-2F56-438F-A567-86FEE367FC43}.Debug|Any CPU.Build.0 = Debug|Any CPU
		{2092A759-2F56-438F-A567-86FEE367FC43}.Release|Any CPU.ActiveCfg = Release|Any CPU
		{2092A759-2F56-438F-A567-86FEE367FC43}.Release|Any CPU.Build.0 = Release|Any CPU
		{1288AD7F-14D3-41A3-8C30-DCAB6253C148}.Debug|Any CPU.ActiveCfg = Debug|Any CPU
		{1288AD7F-14D3-41A3-8C30-DCAB6253C148}.Debug|Any CPU.Build.0 = Debug|Any CPU
		{1288AD7F-14D3-41A3-8C30-DCAB6253C148}.Release|Any CPU.ActiveCfg = Release|Any CPU
		{1288AD7F-14D3-41A3-8C30-DCAB6253C148}.Release|Any CPU.Build.0 = Release|Any CPU
	EndGlobalSection
	GlobalSection(SolutionProperties) = preSolution
		HideSolutionNode = FALSE
	EndGlobalSection
EndGlobal
